
Microsoft Visual Studio Solution File, Format Version 12.00
# Visual Studio 14
VisualStudioVersion = 14.0.25420.1
MinimumVisualStudioVersion = 10.0.40219.1
Project("{FAE04EC0-301F-11D3-BF4B-00C04F79EFBC}") = "BuilderPattern", "BuilderPattern\BuilderPattern.csproj", "{73DB7383-3F87-427F-9F9E-84321ACC8ED7}"
EndProject
Project("{FAE04EC0-301F-11D3-BF4B-00C04F79EFBC}") = "SingletonPattern", "SingletonPattern\SingletonPattern.csproj", "{1B387440-7231-4BE1-A92C-CAE461F923E1}"
EndProject
Project("{FAE04EC0-301F-11D3-BF4B-00C04F79EFBC}") = "FactoryPattern", "FactoryPattern\FactoryPattern.csproj", "{B84F1930-CA2D-473B-82D8-46696386FD2F}"
EndProject
Project("{FAE04EC0-301F-11D3-BF4B-00C04F79EFBC}") = "AbstractFactoryPattern", "AbstractFactoryPattern\AbstractFactoryPattern.csproj", "{E7E9E58F-5440-4051-B155-3E50349771F4}"
EndProject
Project("{FAE04EC0-301F-11D3-BF4B-00C04F79EFBC}") = "PrototypePattern", "PrototypePattern\PrototypePattern.csproj", "{5E6F39AE-BAF0-4D07-8167-40657D84B148}"
EndProject
Project("{FAE04EC0-301F-11D3-BF4B-00C04F79EFBC}") = "AdapterPattern", "AdapterPattern\AdapterPattern.csproj", "{3E4EC4FD-7535-4F74-BF22-6FFD5ED26560}"
EndProject
Project("{FAE04EC0-301F-11D3-BF4B-00C04F79EFBC}") = "DecoratorPattern", "DecoratorPattern\DecoratorPattern.csproj", "{16D25B74-4D63-4B5E-AC53-C40E934255A8}"
EndProject
Project("{2150E333-8FDC-42A3-9474-1A3956D46DE8}") = "SOLID", "SOLID", "{EF0A143A-B25F-46E9-9975-80051A3E4D48}"
EndProject
Project("{FAE04EC0-301F-11D3-BF4B-00C04F79EFBC}") = "DependencyInversionPrinciple", "DependencyInversionPrinciple\DependencyInversionPrinciple.csproj", "{F12D7F70-6B10-4CF5-B2CC-70A3D4C15FD7}"
EndProject
Project("{FAE04EC0-301F-11D3-BF4B-00C04F79EFBC}") = "InterfaceSegregationPrinciple", "InterfaceSegregationPrinciple\InterfaceSegregationPrinciple.csproj", "{8B3836D9-915E-4128-9F9B-1EDD4E6CC1E7}"
EndProject
Project("{FAE04EC0-301F-11D3-BF4B-00C04F79EFBC}") = "LiskovSubstitutionPrinciple", "LiskovSubsitutionPrinciple\LiskovSubstitutionPrinciple.csproj", "{CBAB69BF-F962-4F44-8394-3078245ADA6A}"
EndProject
Project("{FAE04EC0-301F-11D3-BF4B-00C04F79EFBC}") = "ObserverPattern", "ObserverPattern\ObserverPattern.csproj", "{095CBFFF-1529-4A3D-8208-00F78E18F410}"
EndProject
Project("{FAE04EC0-301F-11D3-BF4B-00C04F79EFBC}") = "MediatorPattern", "MediatorPattern\MediatorPattern.csproj", "{8BC3A522-8D0B-4E22-B691-E678E8BB3444}"
EndProject
Project("{FAE04EC0-301F-11D3-BF4B-00C04F79EFBC}") = "CommandPattern", "CommandPattern\CommandPattern.csproj", "{9BDC86F6-7C60-4C4A-BA10-1E94EF95E4A5}"
EndProject
Project("{FAE04EC0-301F-11D3-BF4B-00C04F79EFBC}") = "FacadePattern", "FacadePattern\FacadePattern.csproj", "{AD5388AD-8B0F-435E-B6F3-750BDED88B17}"
EndProject
Global
	GlobalSection(SolutionConfigurationPlatforms) = preSolution
		Debug|Any CPU = Debug|Any CPU
		Debug|ARM = Debug|ARM
		Debug|x64 = Debug|x64
		Debug|x86 = Debug|x86
		Release|Any CPU = Release|Any CPU
		Release|ARM = Release|ARM
		Release|x64 = Release|x64
		Release|x86 = Release|x86
	EndGlobalSection
	GlobalSection(ProjectConfigurationPlatforms) = postSolution
		{73DB7383-3F87-427F-9F9E-84321ACC8ED7}.Debug|Any CPU.ActiveCfg = Debug|Any CPU
		{73DB7383-3F87-427F-9F9E-84321ACC8ED7}.Debug|Any CPU.Build.0 = Debug|Any CPU
		{73DB7383-3F87-427F-9F9E-84321ACC8ED7}.Debug|ARM.ActiveCfg = Debug|Any CPU
		{73DB7383-3F87-427F-9F9E-84321ACC8ED7}.Debug|ARM.Build.0 = Debug|Any CPU
		{73DB7383-3F87-427F-9F9E-84321ACC8ED7}.Debug|x64.ActiveCfg = Debug|Any CPU
		{73DB7383-3F87-427F-9F9E-84321ACC8ED7}.Debug|x64.Build.0 = Debug|Any CPU
		{73DB7383-3F87-427F-9F9E-84321ACC8ED7}.Debug|x86.ActiveCfg = Debug|Any CPU
		{73DB7383-3F87-427F-9F9E-84321ACC8ED7}.Debug|x86.Build.0 = Debug|Any CPU
		{73DB7383-3F87-427F-9F9E-84321ACC8ED7}.Release|Any CPU.ActiveCfg = Release|Any CPU
		{73DB7383-3F87-427F-9F9E-84321ACC8ED7}.Release|Any CPU.Build.0 = Release|Any CPU
		{73DB7383-3F87-427F-9F9E-84321ACC8ED7}.Release|ARM.ActiveCfg = Release|Any CPU
		{73DB7383-3F87-427F-9F9E-84321ACC8ED7}.Release|ARM.Build.0 = Release|Any CPU
		{73DB7383-3F87-427F-9F9E-84321ACC8ED7}.Release|x64.ActiveCfg = Release|Any CPU
		{73DB7383-3F87-427F-9F9E-84321ACC8ED7}.Release|x64.Build.0 = Release|Any CPU
		{73DB7383-3F87-427F-9F9E-84321ACC8ED7}.Release|x86.ActiveCfg = Release|Any CPU
		{73DB7383-3F87-427F-9F9E-84321ACC8ED7}.Release|x86.Build.0 = Release|Any CPU
		{1B387440-7231-4BE1-A92C-CAE461F923E1}.Debug|Any CPU.ActiveCfg = Debug|Any CPU
		{1B387440-7231-4BE1-A92C-CAE461F923E1}.Debug|Any CPU.Build.0 = Debug|Any CPU
		{1B387440-7231-4BE1-A92C-CAE461F923E1}.Debug|ARM.ActiveCfg = Debug|Any CPU
		{1B387440-7231-4BE1-A92C-CAE461F923E1}.Debug|ARM.Build.0 = Debug|Any CPU
		{1B387440-7231-4BE1-A92C-CAE461F923E1}.Debug|x64.ActiveCfg = Debug|Any CPU
		{1B387440-7231-4BE1-A92C-CAE461F923E1}.Debug|x64.Build.0 = Debug|Any CPU
		{1B387440-7231-4BE1-A92C-CAE461F923E1}.Debug|x86.ActiveCfg = Debug|Any CPU
		{1B387440-7231-4BE1-A92C-CAE461F923E1}.Debug|x86.Build.0 = Debug|Any CPU
		{1B387440-7231-4BE1-A92C-CAE461F923E1}.Release|Any CPU.ActiveCfg = Release|Any CPU
		{1B387440-7231-4BE1-A92C-CAE461F923E1}.Release|Any CPU.Build.0 = Release|Any CPU
		{1B387440-7231-4BE1-A92C-CAE461F923E1}.Release|ARM.ActiveCfg = Release|Any CPU
		{1B387440-7231-4BE1-A92C-CAE461F923E1}.Release|ARM.Build.0 = Release|Any CPU
		{1B387440-7231-4BE1-A92C-CAE461F923E1}.Release|x64.ActiveCfg = Release|Any CPU
		{1B387440-7231-4BE1-A92C-CAE461F923E1}.Release|x64.Build.0 = Release|Any CPU
		{1B387440-7231-4BE1-A92C-CAE461F923E1}.Release|x86.ActiveCfg = Release|Any CPU
		{1B387440-7231-4BE1-A92C-CAE461F923E1}.Release|x86.Build.0 = Release|Any CPU
		{B84F1930-CA2D-473B-82D8-46696386FD2F}.Debug|Any CPU.ActiveCfg = Debug|Any CPU
		{B84F1930-CA2D-473B-82D8-46696386FD2F}.Debug|Any CPU.Build.0 = Debug|Any CPU
		{B84F1930-CA2D-473B-82D8-46696386FD2F}.Debug|ARM.ActiveCfg = Debug|Any CPU
		{B84F1930-CA2D-473B-82D8-46696386FD2F}.Debug|ARM.Build.0 = Debug|Any CPU
		{B84F1930-CA2D-473B-82D8-46696386FD2F}.Debug|x64.ActiveCfg = Debug|Any CPU
		{B84F1930-CA2D-473B-82D8-46696386FD2F}.Debug|x64.Build.0 = Debug|Any CPU
		{B84F1930-CA2D-473B-82D8-46696386FD2F}.Debug|x86.ActiveCfg = Debug|Any CPU
		{B84F1930-CA2D-473B-82D8-46696386FD2F}.Debug|x86.Build.0 = Debug|Any CPU
		{B84F1930-CA2D-473B-82D8-46696386FD2F}.Release|Any CPU.ActiveCfg = Release|Any CPU
		{B84F1930-CA2D-473B-82D8-46696386FD2F}.Release|Any CPU.Build.0 = Release|Any CPU
		{B84F1930-CA2D-473B-82D8-46696386FD2F}.Release|ARM.ActiveCfg = Release|Any CPU
		{B84F1930-CA2D-473B-82D8-46696386FD2F}.Release|ARM.Build.0 = Release|Any CPU
		{B84F1930-CA2D-473B-82D8-46696386FD2F}.Release|x64.ActiveCfg = Release|Any CPU
		{B84F1930-CA2D-473B-82D8-46696386FD2F}.Release|x64.Build.0 = Release|Any CPU
		{B84F1930-CA2D-473B-82D8-46696386FD2F}.Release|x86.ActiveCfg = Release|Any CPU
		{B84F1930-CA2D-473B-82D8-46696386FD2F}.Release|x86.Build.0 = Release|Any CPU
		{E7E9E58F-5440-4051-B155-3E50349771F4}.Debug|Any CPU.ActiveCfg = Debug|Any CPU
		{E7E9E58F-5440-4051-B155-3E50349771F4}.Debug|Any CPU.Build.0 = Debug|Any CPU
		{E7E9E58F-5440-4051-B155-3E50349771F4}.Debug|ARM.ActiveCfg = Debug|Any CPU
		{E7E9E58F-5440-4051-B155-3E50349771F4}.Debug|ARM.Build.0 = Debug|Any CPU
		{E7E9E58F-5440-4051-B155-3E50349771F4}.Debug|x64.ActiveCfg = Debug|Any CPU
		{E7E9E58F-5440-4051-B155-3E50349771F4}.Debug|x64.Build.0 = Debug|Any CPU
		{E7E9E58F-5440-4051-B155-3E50349771F4}.Debug|x86.ActiveCfg = Debug|Any CPU
		{E7E9E58F-5440-4051-B155-3E50349771F4}.Debug|x86.Build.0 = Debug|Any CPU
		{E7E9E58F-5440-4051-B155-3E50349771F4}.Release|Any CPU.ActiveCfg = Release|Any CPU
		{E7E9E58F-5440-4051-B155-3E50349771F4}.Release|Any CPU.Build.0 = Release|Any CPU
		{E7E9E58F-5440-4051-B155-3E50349771F4}.Release|ARM.ActiveCfg = Release|Any CPU
		{E7E9E58F-5440-4051-B155-3E50349771F4}.Release|ARM.Build.0 = Release|Any CPU
		{E7E9E58F-5440-4051-B155-3E50349771F4}.Release|x64.ActiveCfg = Release|Any CPU
		{E7E9E58F-5440-4051-B155-3E50349771F4}.Release|x64.Build.0 = Release|Any CPU
		{E7E9E58F-5440-4051-B155-3E50349771F4}.Release|x86.ActiveCfg = Release|Any CPU
		{E7E9E58F-5440-4051-B155-3E50349771F4}.Release|x86.Build.0 = Release|Any CPU
		{5E6F39AE-BAF0-4D07-8167-40657D84B148}.Debug|Any CPU.ActiveCfg = Debug|Any CPU
		{5E6F39AE-BAF0-4D07-8167-40657D84B148}.Debug|Any CPU.Build.0 = Debug|Any CPU
		{5E6F39AE-BAF0-4D07-8167-40657D84B148}.Debug|ARM.ActiveCfg = Debug|Any CPU
		{5E6F39AE-BAF0-4D07-8167-40657D84B148}.Debug|ARM.Build.0 = Debug|Any CPU
		{5E6F39AE-BAF0-4D07-8167-40657D84B148}.Debug|x64.ActiveCfg = Debug|Any CPU
		{5E6F39AE-BAF0-4D07-8167-40657D84B148}.Debug|x64.Build.0 = Debug|Any CPU
		{5E6F39AE-BAF0-4D07-8167-40657D84B148}.Debug|x86.ActiveCfg = Debug|Any CPU
		{5E6F39AE-BAF0-4D07-8167-40657D84B148}.Debug|x86.Build.0 = Debug|Any CPU
		{5E6F39AE-BAF0-4D07-8167-40657D84B148}.Release|Any CPU.ActiveCfg = Release|Any CPU
		{5E6F39AE-BAF0-4D07-8167-40657D84B148}.Release|Any CPU.Build.0 = Release|Any CPU
		{5E6F39AE-BAF0-4D07-8167-40657D84B148}.Release|ARM.ActiveCfg = Release|Any CPU
		{5E6F39AE-BAF0-4D07-8167-40657D84B148}.Release|ARM.Build.0 = Release|Any CPU
		{5E6F39AE-BAF0-4D07-8167-40657D84B148}.Release|x64.ActiveCfg = Release|Any CPU
		{5E6F39AE-BAF0-4D07-8167-40657D84B148}.Release|x64.Build.0 = Release|Any CPU
		{5E6F39AE-BAF0-4D07-8167-40657D84B148}.Release|x86.ActiveCfg = Release|Any CPU
		{5E6F39AE-BAF0-4D07-8167-40657D84B148}.Release|x86.Build.0 = Release|Any CPU
		{3E4EC4FD-7535-4F74-BF22-6FFD5ED26560}.Debug|Any CPU.ActiveCfg = Debug|Any CPU
		{3E4EC4FD-7535-4F74-BF22-6FFD5ED26560}.Debug|Any CPU.Build.0 = Debug|Any CPU
		{3E4EC4FD-7535-4F74-BF22-6FFD5ED26560}.Debug|ARM.ActiveCfg = Debug|Any CPU
		{3E4EC4FD-7535-4F74-BF22-6FFD5ED26560}.Debug|ARM.Build.0 = Debug|Any CPU
		{3E4EC4FD-7535-4F74-BF22-6FFD5ED26560}.Debug|x64.ActiveCfg = Debug|Any CPU
		{3E4EC4FD-7535-4F74-BF22-6FFD5ED26560}.Debug|x64.Build.0 = Debug|Any CPU
		{3E4EC4FD-7535-4F74-BF22-6FFD5ED26560}.Debug|x86.ActiveCfg = Debug|Any CPU
		{3E4EC4FD-7535-4F74-BF22-6FFD5ED26560}.Debug|x86.Build.0 = Debug|Any CPU
		{3E4EC4FD-7535-4F74-BF22-6FFD5ED26560}.Release|Any CPU.ActiveCfg = Release|Any CPU
		{3E4EC4FD-7535-4F74-BF22-6FFD5ED26560}.Release|Any CPU.Build.0 = Release|Any CPU
		{3E4EC4FD-7535-4F74-BF22-6FFD5ED26560}.Release|ARM.ActiveCfg = Release|Any CPU
		{3E4EC4FD-7535-4F74-BF22-6FFD5ED26560}.Release|ARM.Build.0 = Release|Any CPU
		{3E4EC4FD-7535-4F74-BF22-6FFD5ED26560}.Release|x64.ActiveCfg = Release|Any CPU
		{3E4EC4FD-7535-4F74-BF22-6FFD5ED26560}.Release|x64.Build.0 = Release|Any CPU
		{3E4EC4FD-7535-4F74-BF22-6FFD5ED26560}.Release|x86.ActiveCfg = Release|Any CPU
		{3E4EC4FD-7535-4F74-BF22-6FFD5ED26560}.Release|x86.Build.0 = Release|Any CPU
		{16D25B74-4D63-4B5E-AC53-C40E934255A8}.Debug|Any CPU.ActiveCfg = Debug|Any CPU
		{16D25B74-4D63-4B5E-AC53-C40E934255A8}.Debug|Any CPU.Build.0 = Debug|Any CPU
		{16D25B74-4D63-4B5E-AC53-C40E934255A8}.Debug|ARM.ActiveCfg = Debug|Any CPU
		{16D25B74-4D63-4B5E-AC53-C40E934255A8}.Debug|ARM.Build.0 = Debug|Any CPU
		{16D25B74-4D63-4B5E-AC53-C40E934255A8}.Debug|x64.ActiveCfg = Debug|Any CPU
		{16D25B74-4D63-4B5E-AC53-C40E934255A8}.Debug|x64.Build.0 = Debug|Any CPU
		{16D25B74-4D63-4B5E-AC53-C40E934255A8}.Debug|x86.ActiveCfg = Debug|Any CPU
		{16D25B74-4D63-4B5E-AC53-C40E934255A8}.Debug|x86.Build.0 = Debug|Any CPU
		{16D25B74-4D63-4B5E-AC53-C40E934255A8}.Release|Any CPU.ActiveCfg = Release|Any CPU
		{16D25B74-4D63-4B5E-AC53-C40E934255A8}.Release|Any CPU.Build.0 = Release|Any CPU
		{16D25B74-4D63-4B5E-AC53-C40E934255A8}.Release|ARM.ActiveCfg = Release|Any CPU
		{16D25B74-4D63-4B5E-AC53-C40E934255A8}.Release|ARM.Build.0 = Release|Any CPU
		{16D25B74-4D63-4B5E-AC53-C40E934255A8}.Release|x64.ActiveCfg = Release|Any CPU
		{16D25B74-4D63-4B5E-AC53-C40E934255A8}.Release|x64.Build.0 = Release|Any CPU
		{16D25B74-4D63-4B5E-AC53-C40E934255A8}.Release|x86.ActiveCfg = Release|Any CPU
		{16D25B74-4D63-4B5E-AC53-C40E934255A8}.Release|x86.Build.0 = Release|Any CPU
		{F12D7F70-6B10-4CF5-B2CC-70A3D4C15FD7}.Debug|Any CPU.ActiveCfg = Debug|Any CPU
		{F12D7F70-6B10-4CF5-B2CC-70A3D4C15FD7}.Debug|Any CPU.Build.0 = Debug|Any CPU
		{F12D7F70-6B10-4CF5-B2CC-70A3D4C15FD7}.Debug|ARM.ActiveCfg = Debug|Any CPU
		{F12D7F70-6B10-4CF5-B2CC-70A3D4C15FD7}.Debug|ARM.Build.0 = Debug|Any CPU
		{F12D7F70-6B10-4CF5-B2CC-70A3D4C15FD7}.Debug|x64.ActiveCfg = Debug|Any CPU
		{F12D7F70-6B10-4CF5-B2CC-70A3D4C15FD7}.Debug|x64.Build.0 = Debug|Any CPU
		{F12D7F70-6B10-4CF5-B2CC-70A3D4C15FD7}.Debug|x86.ActiveCfg = Debug|Any CPU
		{F12D7F70-6B10-4CF5-B2CC-70A3D4C15FD7}.Debug|x86.Build.0 = Debug|Any CPU
		{F12D7F70-6B10-4CF5-B2CC-70A3D4C15FD7}.Release|Any CPU.ActiveCfg = Release|Any CPU
		{F12D7F70-6B10-4CF5-B2CC-70A3D4C15FD7}.Release|Any CPU.Build.0 = Release|Any CPU
		{F12D7F70-6B10-4CF5-B2CC-70A3D4C15FD7}.Release|ARM.ActiveCfg = Release|Any CPU
		{F12D7F70-6B10-4CF5-B2CC-70A3D4C15FD7}.Release|ARM.Build.0 = Release|Any CPU
		{F12D7F70-6B10-4CF5-B2CC-70A3D4C15FD7}.Release|x64.ActiveCfg = Release|Any CPU
		{F12D7F70-6B10-4CF5-B2CC-70A3D4C15FD7}.Release|x64.Build.0 = Release|Any CPU
		{F12D7F70-6B10-4CF5-B2CC-70A3D4C15FD7}.Release|x86.ActiveCfg = Release|Any CPU
		{F12D7F70-6B10-4CF5-B2CC-70A3D4C15FD7}.Release|x86.Build.0 = Release|Any CPU
		{8B3836D9-915E-4128-9F9B-1EDD4E6CC1E7}.Debug|Any CPU.ActiveCfg = Debug|Any CPU
		{8B3836D9-915E-4128-9F9B-1EDD4E6CC1E7}.Debug|Any CPU.Build.0 = Debug|Any CPU
		{8B3836D9-915E-4128-9F9B-1EDD4E6CC1E7}.Debug|ARM.ActiveCfg = Debug|Any CPU
		{8B3836D9-915E-4128-9F9B-1EDD4E6CC1E7}.Debug|ARM.Build.0 = Debug|Any CPU
		{8B3836D9-915E-4128-9F9B-1EDD4E6CC1E7}.Debug|x64.ActiveCfg = Debug|Any CPU
		{8B3836D9-915E-4128-9F9B-1EDD4E6CC1E7}.Debug|x64.Build.0 = Debug|Any CPU
		{8B3836D9-915E-4128-9F9B-1EDD4E6CC1E7}.Debug|x86.ActiveCfg = Debug|Any CPU
		{8B3836D9-915E-4128-9F9B-1EDD4E6CC1E7}.Debug|x86.Build.0 = Debug|Any CPU
		{8B3836D9-915E-4128-9F9B-1EDD4E6CC1E7}.Release|Any CPU.ActiveCfg = Release|Any CPU
		{8B3836D9-915E-4128-9F9B-1EDD4E6CC1E7}.Release|Any CPU.Build.0 = Release|Any CPU
		{8B3836D9-915E-4128-9F9B-1EDD4E6CC1E7}.Release|ARM.ActiveCfg = Release|Any CPU
		{8B3836D9-915E-4128-9F9B-1EDD4E6CC1E7}.Release|ARM.Build.0 = Release|Any CPU
		{8B3836D9-915E-4128-9F9B-1EDD4E6CC1E7}.Release|x64.ActiveCfg = Release|Any CPU
		{8B3836D9-915E-4128-9F9B-1EDD4E6CC1E7}.Release|x64.Build.0 = Release|Any CPU
		{8B3836D9-915E-4128-9F9B-1EDD4E6CC1E7}.Release|x86.ActiveCfg = Release|Any CPU
		{8B3836D9-915E-4128-9F9B-1EDD4E6CC1E7}.Release|x86.Build.0 = Release|Any CPU
		{CBAB69BF-F962-4F44-8394-3078245ADA6A}.Debug|Any CPU.ActiveCfg = Debug|Any CPU
		{CBAB69BF-F962-4F44-8394-3078245ADA6A}.Debug|Any CPU.Build.0 = Debug|Any CPU
		{CBAB69BF-F962-4F44-8394-3078245ADA6A}.Debug|ARM.ActiveCfg = Debug|Any CPU
		{CBAB69BF-F962-4F44-8394-3078245ADA6A}.Debug|ARM.Build.0 = Debug|Any CPU
		{CBAB69BF-F962-4F44-8394-3078245ADA6A}.Debug|x64.ActiveCfg = Debug|Any CPU
		{CBAB69BF-F962-4F44-8394-3078245ADA6A}.Debug|x64.Build.0 = Debug|Any CPU
		{CBAB69BF-F962-4F44-8394-3078245ADA6A}.Debug|x86.ActiveCfg = Debug|Any CPU
		{CBAB69BF-F962-4F44-8394-3078245ADA6A}.Debug|x86.Build.0 = Debug|Any CPU
		{CBAB69BF-F962-4F44-8394-3078245ADA6A}.Release|Any CPU.ActiveCfg = Release|Any CPU
		{CBAB69BF-F962-4F44-8394-3078245ADA6A}.Release|Any CPU.Build.0 = Release|Any CPU
		{CBAB69BF-F962-4F44-8394-3078245ADA6A}.Release|ARM.ActiveCfg = Release|Any CPU
		{CBAB69BF-F962-4F44-8394-3078245ADA6A}.Release|ARM.Build.0 = Release|Any CPU
		{CBAB69BF-F962-4F44-8394-3078245ADA6A}.Release|x64.ActiveCfg = Release|Any CPU
		{CBAB69BF-F962-4F44-8394-3078245ADA6A}.Release|x64.Build.0 = Release|Any CPU
		{CBAB69BF-F962-4F44-8394-3078245ADA6A}.Release|x86.ActiveCfg = Release|Any CPU
		{CBAB69BF-F962-4F44-8394-3078245ADA6A}.Release|x86.Build.0 = Release|Any CPU
		{095CBFFF-1529-4A3D-8208-00F78E18F410}.Debug|Any CPU.ActiveCfg = Debug|Any CPU
		{095CBFFF-1529-4A3D-8208-00F78E18F410}.Debug|Any CPU.Build.0 = Debug|Any CPU
		{095CBFFF-1529-4A3D-8208-00F78E18F410}.Debug|ARM.ActiveCfg = Debug|Any CPU
		{095CBFFF-1529-4A3D-8208-00F78E18F410}.Debug|ARM.Build.0 = Debug|Any CPU
		{095CBFFF-1529-4A3D-8208-00F78E18F410}.Debug|x64.ActiveCfg = Debug|Any CPU
		{095CBFFF-1529-4A3D-8208-00F78E18F410}.Debug|x64.Build.0 = Debug|Any CPU
		{095CBFFF-1529-4A3D-8208-00F78E18F410}.Debug|x86.ActiveCfg = Debug|Any CPU
		{095CBFFF-1529-4A3D-8208-00F78E18F410}.Debug|x86.Build.0 = Debug|Any CPU
		{095CBFFF-1529-4A3D-8208-00F78E18F410}.Release|Any CPU.ActiveCfg = Release|Any CPU
		{095CBFFF-1529-4A3D-8208-00F78E18F410}.Release|Any CPU.Build.0 = Release|Any CPU
		{095CBFFF-1529-4A3D-8208-00F78E18F410}.Release|ARM.ActiveCfg = Release|Any CPU
		{095CBFFF-1529-4A3D-8208-00F78E18F410}.Release|ARM.Build.0 = Release|Any CPU
		{095CBFFF-1529-4A3D-8208-00F78E18F410}.Release|x64.ActiveCfg = Release|Any CPU
		{095CBFFF-1529-4A3D-8208-00F78E18F410}.Release|x64.Build.0 = Release|Any CPU
		{095CBFFF-1529-4A3D-8208-00F78E18F410}.Release|x86.ActiveCfg = Release|Any CPU
		{095CBFFF-1529-4A3D-8208-00F78E18F410}.Release|x86.Build.0 = Release|Any CPU
		{8BC3A522-8D0B-4E22-B691-E678E8BB3444}.Debug|Any CPU.ActiveCfg = Debug|Any CPU
		{8BC3A522-8D0B-4E22-B691-E678E8BB3444}.Debug|Any CPU.Build.0 = Debug|Any CPU
		{8BC3A522-8D0B-4E22-B691-E678E8BB3444}.Debug|ARM.ActiveCfg = Debug|Any CPU
		{8BC3A522-8D0B-4E22-B691-E678E8BB3444}.Debug|ARM.Build.0 = Debug|Any CPU
		{8BC3A522-8D0B-4E22-B691-E678E8BB3444}.Debug|x64.ActiveCfg = Debug|Any CPU
		{8BC3A522-8D0B-4E22-B691-E678E8BB3444}.Debug|x64.Build.0 = Debug|Any CPU
		{8BC3A522-8D0B-4E22-B691-E678E8BB3444}.Debug|x86.ActiveCfg = Debug|Any CPU
		{8BC3A522-8D0B-4E22-B691-E678E8BB3444}.Debug|x86.Build.0 = Debug|Any CPU
		{8BC3A522-8D0B-4E22-B691-E678E8BB3444}.Release|Any CPU.ActiveCfg = Release|Any CPU
		{8BC3A522-8D0B-4E22-B691-E678E8BB3444}.Release|Any CPU.Build.0 = Release|Any CPU
		{8BC3A522-8D0B-4E22-B691-E678E8BB3444}.Release|ARM.ActiveCfg = Release|Any CPU
		{8BC3A522-8D0B-4E22-B691-E678E8BB3444}.Release|ARM.Build.0 = Release|Any CPU
		{8BC3A522-8D0B-4E22-B691-E678E8BB3444}.Release|x64.ActiveCfg = Release|Any CPU
		{8BC3A522-8D0B-4E22-B691-E678E8BB3444}.Release|x64.Build.0 = Release|Any CPU
		{8BC3A522-8D0B-4E22-B691-E678E8BB3444}.Release|x86.ActiveCfg = Release|Any CPU
		{8BC3A522-8D0B-4E22-B691-E678E8BB3444}.Release|x86.Build.0 = Release|Any CPU
		{9BDC86F6-7C60-4C4A-BA10-1E94EF95E4A5}.Debug|Any CPU.ActiveCfg = Debug|Any CPU
		{9BDC86F6-7C60-4C4A-BA10-1E94EF95E4A5}.Debug|Any CPU.Build.0 = Debug|Any CPU
		{9BDC86F6-7C60-4C4A-BA10-1E94EF95E4A5}.Debug|ARM.ActiveCfg = Debug|Any CPU
		{9BDC86F6-7C60-4C4A-BA10-1E94EF95E4A5}.Debug|ARM.Build.0 = Debug|Any CPU
		{9BDC86F6-7C60-4C4A-BA10-1E94EF95E4A5}.Debug|x64.ActiveCfg = Debug|Any CPU
		{9BDC86F6-7C60-4C4A-BA10-1E94EF95E4A5}.Debug|x64.Build.0 = Debug|Any CPU
		{9BDC86F6-7C60-4C4A-BA10-1E94EF95E4A5}.Debug|x86.ActiveCfg = Debug|Any CPU
		{9BDC86F6-7C60-4C4A-BA10-1E94EF95E4A5}.Debug|x86.Build.0 = Debug|Any CPU
		{9BDC86F6-7C60-4C4A-BA10-1E94EF95E4A5}.Release|Any CPU.ActiveCfg = Release|Any CPU
		{9BDC86F6-7C60-4C4A-BA10-1E94EF95E4A5}.Release|Any CPU.Build.0 = Release|Any CPU
		{9BDC86F6-7C60-4C4A-BA10-1E94EF95E4A5}.Release|ARM.ActiveCfg = Release|Any CPU
		{9BDC86F6-7C60-4C4A-BA10-1E94EF95E4A5}.Release|ARM.Build.0 = Release|Any CPU
		{9BDC86F6-7C60-4C4A-BA10-1E94EF95E4A5}.Release|x64.ActiveCfg = Release|Any CPU
		{9BDC86F6-7C60-4C4A-BA10-1E94EF95E4A5}.Release|x64.Build.0 = Release|Any CPU
		{9BDC86F6-7C60-4C4A-BA10-1E94EF95E4A5}.Release|x86.ActiveCfg = Release|Any CPU
		{9BDC86F6-7C60-4C4A-BA10-1E94EF95E4A5}.Release|x86.Build.0 = Release|Any CPU
		{AD5388AD-8B0F-435E-B6F3-750BDED88B17}.Debug|Any CPU.ActiveCfg = Debug|Any CPU
		{AD5388AD-8B0F-435E-B6F3-750BDED88B17}.Debug|Any CPU.Build.0 = Debug|Any CPU
		{AD5388AD-8B0F-435E-B6F3-750BDED88B17}.Debug|ARM.ActiveCfg = Debug|Any CPU
		{AD5388AD-8B0F-435E-B6F3-750BDED88B17}.Debug|ARM.Build.0 = Debug|Any CPU
		{AD5388AD-8B0F-435E-B6F3-750BDED88B17}.Debug|x64.ActiveCfg = Debug|Any CPU
		{AD5388AD-8B0F-435E-B6F3-750BDED88B17}.Debug|x64.Build.0 = Debug|Any CPU
		{AD5388AD-8B0F-435E-B6F3-750BDED88B17}.Debug|x86.ActiveCfg = Debug|Any CPU
		{AD5388AD-8B0F-435E-B6F3-750BDED88B17}.Debug|x86.Build.0 = Debug|Any CPU
		{AD5388AD-8B0F-435E-B6F3-750BDED88B17}.Release|Any CPU.ActiveCfg = Release|Any CPU
		{AD5388AD-8B0F-435E-B6F3-750BDED88B17}.Release|Any CPU.Build.0 = Release|Any CPU
		{AD5388AD-8B0F-435E-B6F3-750BDED88B17}.Release|ARM.ActiveCfg = Release|Any CPU
		{AD5388AD-8B0F-435E-B6F3-750BDED88B17}.Release|ARM.Build.0 = Release|Any CPU
		{AD5388AD-8B0F-435E-B6F3-750BDED88B17}.Release|x64.ActiveCfg = Release|Any CPU
		{AD5388AD-8B0F-435E-B6F3-750BDED88B17}.Release|x64.Build.0 = Release|Any CPU
		{AD5388AD-8B0F-435E-B6F3-750BDED88B17}.Release|x86.ActiveCfg = Release|Any CPU
		{AD5388AD-8B0F-435E-B6F3-750BDED88B17}.Release|x86.Build.0 = Release|Any CPU
	EndGlobalSection
	GlobalSection(SolutionProperties) = preSolution
		HideSolutionNode = FALSE
	EndGlobalSection
	GlobalSection(NestedProjects) = preSolution
		{F12D7F70-6B10-4CF5-B2CC-70A3D4C15FD7} = {EF0A143A-B25F-46E9-9975-80051A3E4D48}
		{8B3836D9-915E-4128-9F9B-1EDD4E6CC1E7} = {EF0A143A-B25F-46E9-9975-80051A3E4D48}
		{CBAB69BF-F962-4F44-8394-3078245ADA6A} = {EF0A143A-B25F-46E9-9975-80051A3E4D48}
	EndGlobalSection
EndGlobal
